
Microsoft Visual Studio Solution File, Format Version 12.00
# Visual Studio Version 16
VisualStudioVersion = 16.0.29209.152
MinimumVisualStudioVersion = 10.0.40219.1
Project("{FAE04EC0-301F-11D3-BF4B-00C04F79EFBC}") = "BlazorStyledAltServer", "BlazorStyledAlt\BlazorStyledAltServer.csproj", "{E8CE9FBB-D654-4673-B3FA-B797891AFC02}"
EndProject
Project("{FAE04EC0-301F-11D3-BF4B-00C04F79EFBC}") = "Core", "Core\Core.csproj", "{E123B207-FDA0-4194-A1B6-17E63F4EA63B}"
EndProject
Project("{FAE04EC0-301F-11D3-BF4B-00C04F79EFBC}") = "ClientSide", "ClientSide\ClientSide.csproj", "{47CA58C3-1EB2-4DE6-A485-BA5F354E6F82}"
EndProject
Global
	GlobalSection(SolutionConfigurationPlatforms) = preSolution
		Debug|Any CPU = Debug|Any CPU
		Release|Any CPU = Release|Any CPU
	EndGlobalSection
	GlobalSection(ProjectConfigurationPlatforms) = postSolution
		{E8CE9FBB-D654-4673-B3FA-B797891AFC02}.Debug|Any CPU.ActiveCfg = Debug|Any CPU
		{E8CE9FBB-D654-4673-B3FA-B797891AFC02}.Debug|Any CPU.Build.0 = Debug|Any CPU
		{E8CE9FBB-D654-4673-B3FA-B797891AFC02}.Release|Any CPU.ActiveCfg = Release|Any CPU
		{E8CE9FBB-D654-4673-B3FA-B797891AFC02}.Release|Any CPU.Build.0 = Release|Any CPU
		{E123B207-FDA0-4194-A1B6-17E63F4EA63B}.Debug|Any CPU.ActiveCfg = Debug|Any CPU
		{E123B207-FDA0-4194-A1B6-17E63F4EA63B}.Debug|Any CPU.Build.0 = Debug|Any CPU
		{E123B207-FDA0-4194-A1B6-17E63F4EA63B}.Release|Any CPU.ActiveCfg = Release|Any CPU
		{E123B207-FDA0-4194-A1B6-17E63F4EA63B}.Release|Any CPU.Build.0 = Release|Any CPU
		{47CA58C3-1EB2-4DE6-A485-BA5F354E6F82}.Debug|Any CPU.ActiveCfg = Debug|Any CPU
		{47CA58C3-1EB2-4DE6-A485-BA5F354E6F82}.Debug|Any CPU.Build.0 = Debug|Any CPU
		{47CA58C3-1EB2-4DE6-A485-BA5F354E6F82}.Release|Any CPU.ActiveCfg = Release|Any CPU
		{47CA58C3-1EB2-4DE6-A485-BA5F354E6F82}.Release|Any CPU.Build.0 = Release|Any CPU
	EndGlobalSection
	GlobalSection(SolutionProperties) = preSolution
		HideSolutionNode = FALSE
	EndGlobalSection
	GlobalSection(ExtensibilityGlobals) = postSolution
		SolutionGuid = {4170C62D-B28A-447B-9D5A-9D358FF6549B}
	EndGlobalSection
EndGlobal
